
Microsoft Visual Studio Solution File, Format Version 12.00
Project("{FAE04EC0-301F-11D3-BF4B-00C04F79EFBC}") = "Mochi", "Mochi\Mochi.csproj", "{F5078A4E-D24C-4A8D-B915-C4F88CF53546}"
EndProject
Project("{FAE04EC0-301F-11D3-BF4B-00C04F79EFBC}") = "Mochi.IO.Hid", "Mochi.IO.Hid\Mochi.IO.Hid.csproj", "{69EFF1C8-4918-430E-B69C-BC609082B25A}"
EndProject
Project("{FAE04EC0-301F-11D3-BF4B-00C04F79EFBC}") = "Mochi.Localizations", "Mochi.Localizations\Mochi.Localizations.csproj", "{44ED22E9-6024-4AF7-9D75-1688CD4D9040}"
EndProject
Project("{FAE04EC0-301F-11D3-BF4B-00C04F79EFBC}") = "Mochi.Brigadier", "Mochi.Brigadier\Mochi.Brigadier.csproj", "{3A9C8B9E-CD70-40E5-8209-F7AEE8F15DE2}"
EndProject
Project("{FAE04EC0-301F-11D3-BF4B-00C04F79EFBC}") = "Mochi.Nbt", "Mochi.Nbt\Mochi.Nbt.csproj", "{DA4CFEE4-5B5F-4EB1-BAC5-1D303E7486B8}"
EndProject
Project("{FAE04EC0-301F-11D3-BF4B-00C04F79EFBC}") = "Mochi.Localizations.Test", "Mochi.Localizations.Test\Mochi.Localizations.Test.csproj", "{EBB49D24-D0BB-44BB-BAFB-67000489E0ED}"
EndProject
Project("{FAE04EC0-301F-11D3-BF4B-00C04F79EFBC}") = "Mochi.Brigadier.Test", "Mochi.Brigadier.Test\Mochi.Brigadier.Test.csproj", "{D079A98D-1DF1-4684-B50F-7E0F71447E3D}"
EndProject
Project("{FAE04EC0-301F-11D3-BF4B-00C04F79EFBC}") = "Mochi.Brigadier.Bridge", "Mochi.Brigadier.Bridge\Mochi.Brigadier.Bridge.csproj", "{1A269FC2-3149-4EC0-B15A-515842ACAEF2}"
EndProject
Project("{FAE04EC0-301F-11D3-BF4B-00C04F79EFBC}") = "Mochi.IO.Controllers", "Mochi.IO.Controllers\Mochi.IO.Controllers.csproj", "{9CC09B78-783D-4450-8658-FB9F61893FD2}"
EndProject
Project("{FAE04EC0-301F-11D3-BF4B-00C04F79EFBC}") = "Mochi.IO.Controllers.Test", "Mochi.IO.Controllers.Test\Mochi.IO.Controllers.Test.csproj", "{DAA1CEB9-FAE3-4CB0-996C-650EB6D0507C}"
EndProject
Project("{FAE04EC0-301F-11D3-BF4B-00C04F79EFBC}") = "Mochi.Test", "Mochi.Test\Mochi.Test.csproj", "{78231F9D-612C-4645-BE7D-AC823FAC98A0}"
EndProject
Project("{FAE04EC0-301F-11D3-BF4B-00C04F79EFBC}") = "Mochi.JS", "Mochi.JS\Mochi.JS.csproj", "{D0CB2E1C-CA7F-4C9A-B4F3-E55D55ECA126}"
EndProject
Project("{FAE04EC0-301F-11D3-BF4B-00C04F79EFBC}") = "Mochi.JS.Test", "Mochi.JS.Test\Mochi.JS.Test.csproj", "{D1579C82-B406-418A-9424-6BE94A93207A}"
EndProject
Project("{FAE04EC0-301F-11D3-BF4B-00C04F79EFBC}") = "Mochi.Irc", "Mochi.Irc\Mochi.Irc.csproj", "{1885AF7B-4B18-42B8-93FF-FFC9EDA74731}"
EndProject
Project("{FAE04EC0-301F-11D3-BF4B-00C04F79EFBC}") = "Mochi.StreamKit.Twitch", "Mochi.StreamKit.Twitch\Mochi.StreamKit.Twitch.csproj", "{105FFFAD-45DA-493F-A89C-049B17408077}"
EndProject
Project("{FAE04EC0-301F-11D3-BF4B-00C04F79EFBC}") = "Mochi.StreamKit", "Mochi.StreamKit\Mochi.StreamKit.csproj", "{E55019D7-0B6B-41D8-B027-771E41A67EBA}"
EndProject
Global
	GlobalSection(SolutionConfigurationPlatforms) = preSolution
		Debug|Any CPU = Debug|Any CPU
		Release|Any CPU = Release|Any CPU
	EndGlobalSection
	GlobalSection(ProjectConfigurationPlatforms) = postSolution
		{F5078A4E-D24C-4A8D-B915-C4F88CF53546}.Debug|Any CPU.ActiveCfg = Debug|Any CPU
		{F5078A4E-D24C-4A8D-B915-C4F88CF53546}.Debug|Any CPU.Build.0 = Debug|Any CPU
		{F5078A4E-D24C-4A8D-B915-C4F88CF53546}.Release|Any CPU.ActiveCfg = Release|Any CPU
		{F5078A4E-D24C-4A8D-B915-C4F88CF53546}.Release|Any CPU.Build.0 = Release|Any CPU
		{69EFF1C8-4918-430E-B69C-BC609082B25A}.Debug|Any CPU.ActiveCfg = Debug|Any CPU
		{69EFF1C8-4918-430E-B69C-BC609082B25A}.Debug|Any CPU.Build.0 = Debug|Any CPU
		{69EFF1C8-4918-430E-B69C-BC609082B25A}.Release|Any CPU.ActiveCfg = Release|Any CPU
		{69EFF1C8-4918-430E-B69C-BC609082B25A}.Release|Any CPU.Build.0 = Release|Any CPU
		{44ED22E9-6024-4AF7-9D75-1688CD4D9040}.Debug|Any CPU.ActiveCfg = Debug|Any CPU
		{44ED22E9-6024-4AF7-9D75-1688CD4D9040}.Debug|Any CPU.Build.0 = Debug|Any CPU
		{44ED22E9-6024-4AF7-9D75-1688CD4D9040}.Release|Any CPU.ActiveCfg = Release|Any CPU
		{44ED22E9-6024-4AF7-9D75-1688CD4D9040}.Release|Any CPU.Build.0 = Release|Any CPU
		{3A9C8B9E-CD70-40E5-8209-F7AEE8F15DE2}.Debug|Any CPU.ActiveCfg = Debug|Any CPU
		{3A9C8B9E-CD70-40E5-8209-F7AEE8F15DE2}.Debug|Any CPU.Build.0 = Debug|Any CPU
		{3A9C8B9E-CD70-40E5-8209-F7AEE8F15DE2}.Release|Any CPU.ActiveCfg = Release|Any CPU
		{3A9C8B9E-CD70-40E5-8209-F7AEE8F15DE2}.Release|Any CPU.Build.0 = Release|Any CPU
		{DA4CFEE4-5B5F-4EB1-BAC5-1D303E7486B8}.Debug|Any CPU.ActiveCfg = Debug|Any CPU
		{DA4CFEE4-5B5F-4EB1-BAC5-1D303E7486B8}.Debug|Any CPU.Build.0 = Debug|Any CPU
		{DA4CFEE4-5B5F-4EB1-BAC5-1D303E7486B8}.Release|Any CPU.ActiveCfg = Release|Any CPU
		{DA4CFEE4-5B5F-4EB1-BAC5-1D303E7486B8}.Release|Any CPU.Build.0 = Release|Any CPU
		{EBB49D24-D0BB-44BB-BAFB-67000489E0ED}.Debug|Any CPU.ActiveCfg = Debug|Any CPU
		{EBB49D24-D0BB-44BB-BAFB-67000489E0ED}.Debug|Any CPU.Build.0 = Debug|Any CPU
		{EBB49D24-D0BB-44BB-BAFB-67000489E0ED}.Release|Any CPU.ActiveCfg = Release|Any CPU
		{EBB49D24-D0BB-44BB-BAFB-67000489E0ED}.Release|Any CPU.Build.0 = Release|Any CPU
		{D079A98D-1DF1-4684-B50F-7E0F71447E3D}.Debug|Any CPU.ActiveCfg = Debug|Any CPU
		{D079A98D-1DF1-4684-B50F-7E0F71447E3D}.Debug|Any CPU.Build.0 = Debug|Any CPU
		{D079A98D-1DF1-4684-B50F-7E0F71447E3D}.Release|Any CPU.ActiveCfg = Release|Any CPU
		{D079A98D-1DF1-4684-B50F-7E0F71447E3D}.Release|Any CPU.Build.0 = Release|Any CPU
		{1A269FC2-3149-4EC0-B15A-515842ACAEF2}.Debug|Any CPU.ActiveCfg = Debug|Any CPU
		{1A269FC2-3149-4EC0-B15A-515842ACAEF2}.Debug|Any CPU.Build.0 = Debug|Any CPU
		{1A269FC2-3149-4EC0-B15A-515842ACAEF2}.Release|Any CPU.ActiveCfg = Release|Any CPU
		{1A269FC2-3149-4EC0-B15A-515842ACAEF2}.Release|Any CPU.Build.0 = Release|Any CPU
		{9CC09B78-783D-4450-8658-FB9F61893FD2}.Debug|Any CPU.ActiveCfg = Debug|Any CPU
		{9CC09B78-783D-4450-8658-FB9F61893FD2}.Debug|Any CPU.Build.0 = Debug|Any CPU
		{9CC09B78-783D-4450-8658-FB9F61893FD2}.Release|Any CPU.ActiveCfg = Release|Any CPU
		{9CC09B78-783D-4450-8658-FB9F61893FD2}.Release|Any CPU.Build.0 = Release|Any CPU
		{DAA1CEB9-FAE3-4CB0-996C-650EB6D0507C}.Debug|Any CPU.ActiveCfg = Debug|Any CPU
		{DAA1CEB9-FAE3-4CB0-996C-650EB6D0507C}.Debug|Any CPU.Build.0 = Debug|Any CPU
		{DAA1CEB9-FAE3-4CB0-996C-650EB6D0507C}.Release|Any CPU.ActiveCfg = Release|Any CPU
		{DAA1CEB9-FAE3-4CB0-996C-650EB6D0507C}.Release|Any CPU.Build.0 = Release|Any CPU
		{78231F9D-612C-4645-BE7D-AC823FAC98A0}.Debug|Any CPU.ActiveCfg = Debug|Any CPU
		{78231F9D-612C-4645-BE7D-AC823FAC98A0}.Debug|Any CPU.Build.0 = Debug|Any CPU
		{78231F9D-612C-4645-BE7D-AC823FAC98A0}.Release|Any CPU.ActiveCfg = Release|Any CPU
		{78231F9D-612C-4645-BE7D-AC823FAC98A0}.Release|Any CPU.Build.0 = Release|Any CPU
		{D0CB2E1C-CA7F-4C9A-B4F3-E55D55ECA126}.Debug|Any CPU.ActiveCfg = Debug|Any CPU
		{D0CB2E1C-CA7F-4C9A-B4F3-E55D55ECA126}.Debug|Any CPU.Build.0 = Debug|Any CPU
		{D0CB2E1C-CA7F-4C9A-B4F3-E55D55ECA126}.Release|Any CPU.ActiveCfg = Release|Any CPU
		{D0CB2E1C-CA7F-4C9A-B4F3-E55D55ECA126}.Release|Any CPU.Build.0 = Release|Any CPU
		{D1579C82-B406-418A-9424-6BE94A93207A}.Debug|Any CPU.ActiveCfg = Debug|Any CPU
		{D1579C82-B406-418A-9424-6BE94A93207A}.Debug|Any CPU.Build.0 = Debug|Any CPU
		{D1579C82-B406-418A-9424-6BE94A93207A}.Release|Any CPU.ActiveCfg = Release|Any CPU
		{D1579C82-B406-418A-9424-6BE94A93207A}.Release|Any CPU.Build.0 = Release|Any CPU
		{1885AF7B-4B18-42B8-93FF-FFC9EDA74731}.Debug|Any CPU.ActiveCfg = Debug|Any CPU
		{1885AF7B-4B18-42B8-93FF-FFC9EDA74731}.Debug|Any CPU.Build.0 = Debug|Any CPU
		{1885AF7B-4B18-42B8-93FF-FFC9EDA74731}.Release|Any CPU.ActiveCfg = Release|Any CPU
		{1885AF7B-4B18-42B8-93FF-FFC9EDA74731}.Release|Any CPU.Build.0 = Release|Any CPU
		{105FFFAD-45DA-493F-A89C-049B17408077}.Debug|Any CPU.ActiveCfg = Debug|Any CPU
		{105FFFAD-45DA-493F-A89C-049B17408077}.Debug|Any CPU.Build.0 = Debug|Any CPU
		{105FFFAD-45DA-493F-A89C-049B17408077}.Release|Any CPU.ActiveCfg = Release|Any CPU
		{105FFFAD-45DA-493F-A89C-049B17408077}.Release|Any CPU.Build.0 = Release|Any CPU
		{E55019D7-0B6B-41D8-B027-771E41A67EBA}.Debug|Any CPU.ActiveCfg = Debug|Any CPU
		{E55019D7-0B6B-41D8-B027-771E41A67EBA}.Debug|Any CPU.Build.0 = Debug|Any CPU
		{E55019D7-0B6B-41D8-B027-771E41A67EBA}.Release|Any CPU.ActiveCfg = Release|Any CPU
		{E55019D7-0B6B-41D8-B027-771E41A67EBA}.Release|Any CPU.Build.0 = Release|Any CPU
	EndGlobalSection
EndGlobal
